// !$*UTF8*$!
{
	archiveVersion = 1;
	classes = {
	};
	objectVersion = 56;
	objects = {

/* Begin PBXBuildFile section */
		003335DF2B0E11A000ADE188 /* DataManager.swift in Sources */ = {isa = PBXBuildFile; fileRef = 003335DE2B0E11A000ADE188 /* DataManager.swift */; };
		004623DE2B0F83CA00721AA1 /* TopicView.swift in Sources */ = {isa = PBXBuildFile; fileRef = 004623DD2B0F83CA00721AA1 /* TopicView.swift */; };
		0058E09A2B0CB4480012E775 /* ImageDetailView.swift in Sources */ = {isa = PBXBuildFile; fileRef = 0058E0992B0CB4480012E775 /* ImageDetailView.swift */; };
		005CBDF22B158CB000144E90 /* StreaksView.swift in Sources */ = {isa = PBXBuildFile; fileRef = 005CBDF12B158CB000144E90 /* StreaksView.swift */; };
		00F3D9B12B0B80DA00960F5B /* WorksheetDetailView.swift in Sources */ = {isa = PBXBuildFile; fileRef = 00F3D9B02B0B80DA00960F5B /* WorksheetDetailView.swift */; };
		00F3D9B32B0B85DD00960F5B /* SubjectView.swift in Sources */ = {isa = PBXBuildFile; fileRef = 00F3D9B22B0B85DD00960F5B /* SubjectView.swift */; };
		C8310DAE2B0DBEEC00DF2E5F /* EventDetailView.swift in Sources */ = {isa = PBXBuildFile; fileRef = C8310DAD2B0DBEEC00DF2E5F /* EventDetailView.swift */; };
		C83DC44C2B1208670002999F /* TimerView.swift in Sources */ = {isa = PBXBuildFile; fileRef = C83DC44B2B1208670002999F /* TimerView.swift */; };
		C8A0E8912B089C3100ECBD0B /* ContentView.swift in Sources */ = {isa = PBXBuildFile; fileRef = C8A0E8902B089C3100ECBD0B /* ContentView.swift */; };
		C8A0E8932B089C3400ECBD0B /* Assets.xcassets in Resources */ = {isa = PBXBuildFile; fileRef = C8A0E8922B089C3400ECBD0B /* Assets.xcassets */; };
		C8A0E8962B089C3400ECBD0B /* Preview Assets.xcassets in Resources */ = {isa = PBXBuildFile; fileRef = C8A0E8952B089C3400ECBD0B /* Preview Assets.xcassets */; };
		C8A0E8A52B089CBC00ECBD0B /* ScannerView.swift in Sources */ = {isa = PBXBuildFile; fileRef = C8A0E8A42B089CBC00ECBD0B /* ScannerView.swift */; };
		C8A0E8A72B089CDE00ECBD0B /* StatsView.swift in Sources */ = {isa = PBXBuildFile; fileRef = C8A0E8A62B089CDE00ECBD0B /* StatsView.swift */; };
		C8A0E8AB2B089D5400ECBD0B /* FilesView.swift in Sources */ = {isa = PBXBuildFile; fileRef = C8A0E8AA2B089D5400ECBD0B /* FilesView.swift */; };
		C8A0E8AD2B089D9900ECBD0B /* CalendarView.swift in Sources */ = {isa = PBXBuildFile; fileRef = C8A0E8AC2B089D9900ECBD0B /* CalendarView.swift */; };
		C8AAA1FD2B0B2C1B00552984 /* Main.swift in Sources */ = {isa = PBXBuildFile; fileRef = C8AAA1FC2B0B2C1B00552984 /* Main.swift */; };
		C8D175DE2B0C5CD400883D05 /* HomeView.swift in Sources */ = {isa = PBXBuildFile; fileRef = C8D175DD2B0C5CD400883D05 /* HomeView.swift */; };
		C8D175E22B0C611800883D05 /* GlobalVars.swift in Sources */ = {isa = PBXBuildFile; fileRef = C8D175E12B0C611800883D05 /* GlobalVars.swift */; };
		C8E1DACE2B0C82E1000EF84A /* CreateNewEventView.swift in Sources */ = {isa = PBXBuildFile; fileRef = C8E1DACD2B0C82E1000EF84A /* CreateNewEventView.swift */; };
		C8FA7F2E2B138E68004490C5 /* AppDelegate.swift in Sources */ = {isa = PBXBuildFile; fileRef = C8FA7F2D2B138E68004490C5 /* AppDelegate.swift */; };
/* End PBXBuildFile section */

/* Begin PBXFileReference section */
		003335DE2B0E11A000ADE188 /* DataManager.swift */ = {isa = PBXFileReference; lastKnownFileType = sourcecode.swift; path = DataManager.swift; sourceTree = "<group>"; };
		004623DD2B0F83CA00721AA1 /* TopicView.swift */ = {isa = PBXFileReference; lastKnownFileType = sourcecode.swift; path = TopicView.swift; sourceTree = "<group>"; };
		0058E0992B0CB4480012E775 /* ImageDetailView.swift */ = {isa = PBXFileReference; fileEncoding = 4; lastKnownFileType = sourcecode.swift; path = ImageDetailView.swift; sourceTree = "<group>"; };
		005CBDF12B158CB000144E90 /* StreaksView.swift */ = {isa = PBXFileReference; lastKnownFileType = sourcecode.swift; path = StreaksView.swift; sourceTree = "<group>"; };
		00F3D9B02B0B80DA00960F5B /* WorksheetDetailView.swift */ = {isa = PBXFileReference; lastKnownFileType = sourcecode.swift; path = WorksheetDetailView.swift; sourceTree = "<group>"; };
		00F3D9B22B0B85DD00960F5B /* SubjectView.swift */ = {isa = PBXFileReference; lastKnownFileType = sourcecode.swift; path = SubjectView.swift; sourceTree = "<group>"; };
		C8310DAD2B0DBEEC00DF2E5F /* EventDetailView.swift */ = {isa = PBXFileReference; lastKnownFileType = sourcecode.swift; path = EventDetailView.swift; sourceTree = "<group>"; };
		C83DC44B2B1208670002999F /* TimerView.swift */ = {isa = PBXFileReference; lastKnownFileType = sourcecode.swift; path = TimerView.swift; sourceTree = "<group>"; };
		C8A0E88B2B089C3100ECBD0B /* SwiftAcceleratorProject.app */ = {isa = PBXFileReference; explicitFileType = wrapper.application; includeInIndex = 0; path = SwiftAcceleratorProject.app; sourceTree = BUILT_PRODUCTS_DIR; };
		C8A0E8902B089C3100ECBD0B /* ContentView.swift */ = {isa = PBXFileReference; lastKnownFileType = sourcecode.swift; path = ContentView.swift; sourceTree = "<group>"; };
		C8A0E8922B089C3400ECBD0B /* Assets.xcassets */ = {isa = PBXFileReference; lastKnownFileType = folder.assetcatalog; path = Assets.xcassets; sourceTree = "<group>"; };
		C8A0E8952B089C3400ECBD0B /* Preview Assets.xcassets */ = {isa = PBXFileReference; lastKnownFileType = folder.assetcatalog; path = "Preview Assets.xcassets"; sourceTree = "<group>"; };
		C8A0E8A42B089CBC00ECBD0B /* ScannerView.swift */ = {isa = PBXFileReference; lastKnownFileType = sourcecode.swift; path = ScannerView.swift; sourceTree = "<group>"; };
		C8A0E8A62B089CDE00ECBD0B /* StatsView.swift */ = {isa = PBXFileReference; lastKnownFileType = sourcecode.swift; path = StatsView.swift; sourceTree = "<group>"; };
		C8A0E8AA2B089D5400ECBD0B /* FilesView.swift */ = {isa = PBXFileReference; lastKnownFileType = sourcecode.swift; path = FilesView.swift; sourceTree = "<group>"; };
		C8A0E8AC2B089D9900ECBD0B /* CalendarView.swift */ = {isa = PBXFileReference; lastKnownFileType = sourcecode.swift; path = CalendarView.swift; sourceTree = "<group>"; };
		C8AAA1FC2B0B2C1B00552984 /* Main.swift */ = {isa = PBXFileReference; lastKnownFileType = sourcecode.swift; path = Main.swift; sourceTree = "<group>"; };
		C8D175DD2B0C5CD400883D05 /* HomeView.swift */ = {isa = PBXFileReference; lastKnownFileType = sourcecode.swift; path = HomeView.swift; sourceTree = "<group>"; };
		C8D175E12B0C611800883D05 /* GlobalVars.swift */ = {isa = PBXFileReference; lastKnownFileType = sourcecode.swift; path = GlobalVars.swift; sourceTree = "<group>"; };
		C8E1DACD2B0C82E1000EF84A /* CreateNewEventView.swift */ = {isa = PBXFileReference; lastKnownFileType = sourcecode.swift; path = CreateNewEventView.swift; sourceTree = "<group>"; };
		C8FA7F2D2B138E68004490C5 /* AppDelegate.swift */ = {isa = PBXFileReference; lastKnownFileType = sourcecode.swift; path = AppDelegate.swift; sourceTree = "<group>"; };
/* End PBXFileReference section */

/* Begin PBXFrameworksBuildPhase section */
		C8A0E8882B089C3100ECBD0B /* Frameworks */ = {
			isa = PBXFrameworksBuildPhase;
			buildActionMask = 2147483647;
			files = (
			);
			runOnlyForDeploymentPostprocessing = 0;
		};
/* End PBXFrameworksBuildPhase section */

/* Begin PBXGroup section */
		00DEBE072B0CDD50003AF464 /* Model and ViewModel */ = {
			isa = PBXGroup;
			children = (
				C8FA7F2D2B138E68004490C5 /* AppDelegate.swift */,
				C8D175E12B0C611800883D05 /* GlobalVars.swift */,
				003335DE2B0E11A000ADE188 /* DataManager.swift */,
			);
			path = "Model and ViewModel";
			sourceTree = "<group>";
		};
		00DEBE082B0CDD70003AF464 /* Views */ = {
			isa = PBXGroup;
			children = (
				C8D175DF2B0C5E0B00883D05 /* FilesViews */,
				C8A0E8902B089C3100ECBD0B /* ContentView.swift */,
				C8E1DACD2B0C82E1000EF84A /* CreateNewEventView.swift */,
				C8310DAD2B0DBEEC00DF2E5F /* EventDetailView.swift */,
				C8A0E8AC2B089D9900ECBD0B /* CalendarView.swift */,
				C8D175DD2B0C5CD400883D05 /* HomeView.swift */,
				C8A0E8A62B089CDE00ECBD0B /* StatsView.swift */,
				005CBDF12B158CB000144E90 /* StreaksView.swift */,
			);
			path = Views;
			sourceTree = "<group>";
		};
		C8A0E8822B089C3100ECBD0B = {
			isa = PBXGroup;
			children = (
				C8A0E88D2B089C3100ECBD0B /* SwiftAcceleratorProject */,
				C8A0E88C2B089C3100ECBD0B /* Products */,
			);
			sourceTree = "<group>";
		};
		C8A0E88C2B089C3100ECBD0B /* Products */ = {
			isa = PBXGroup;
			children = (
				C8A0E88B2B089C3100ECBD0B /* SwiftAcceleratorProject.app */,
			);
			name = Products;
			sourceTree = "<group>";
		};
		C8A0E88D2B089C3100ECBD0B /* SwiftAcceleratorProject */ = {
			isa = PBXGroup;
			children = (
				00DEBE082B0CDD70003AF464 /* Views */,
				00DEBE072B0CDD50003AF464 /* Model and ViewModel */,
				C8AAA1FC2B0B2C1B00552984 /* Main.swift */,
				C8A0E8922B089C3400ECBD0B /* Assets.xcassets */,
				C8A0E8942B089C3400ECBD0B /* Preview Content */,
			);
			path = SwiftAcceleratorProject;
			sourceTree = "<group>";
		};
		C8A0E8942B089C3400ECBD0B /* Preview Content */ = {
			isa = PBXGroup;
			children = (
				C8A0E8952B089C3400ECBD0B /* Preview Assets.xcassets */,
			);
			path = "Preview Content";
			sourceTree = "<group>";
		};
		C8D175DF2B0C5E0B00883D05 /* FilesViews */ = {
			isa = PBXGroup;
			children = (
				0058E0992B0CB4480012E775 /* ImageDetailView.swift */,
				C8A0E8AA2B089D5400ECBD0B /* FilesView.swift */,
				C8A0E8A42B089CBC00ECBD0B /* ScannerView.swift */,
				00F3D9B22B0B85DD00960F5B /* SubjectView.swift */,
				004623DD2B0F83CA00721AA1 /* TopicView.swift */,
				C83DC44B2B1208670002999F /* TimerView.swift */,
				00F3D9B02B0B80DA00960F5B /* WorksheetDetailView.swift */,
			);
			path = FilesViews;
			sourceTree = "<group>";
		};
/* End PBXGroup section */

/* Begin PBXNativeTarget section */
		C8A0E88A2B089C3100ECBD0B /* SwiftAcceleratorProject */ = {
			isa = PBXNativeTarget;
			buildConfigurationList = C8A0E8992B089C3400ECBD0B /* Build configuration list for PBXNativeTarget "SwiftAcceleratorProject" */;
			buildPhases = (
				C8A0E8872B089C3100ECBD0B /* Sources */,
				C8A0E8882B089C3100ECBD0B /* Frameworks */,
				C8A0E8892B089C3100ECBD0B /* Resources */,
			);
			buildRules = (
			);
			dependencies = (
			);
			name = SwiftAcceleratorProject;
			productName = SwiftAcceleratorProject;
			productReference = C8A0E88B2B089C3100ECBD0B /* SwiftAcceleratorProject.app */;
			productType = "com.apple.product-type.application";
		};
/* End PBXNativeTarget section */

/* Begin PBXProject section */
		C8A0E8832B089C3100ECBD0B /* Project object */ = {
			isa = PBXProject;
			attributes = {
				BuildIndependentTargetsInParallel = 1;
				LastSwiftUpdateCheck = 1500;
				LastUpgradeCheck = 1500;
				TargetAttributes = {
					C8A0E88A2B089C3100ECBD0B = {
						CreatedOnToolsVersion = 15.0.1;
					};
				};
			};
			buildConfigurationList = C8A0E8862B089C3100ECBD0B /* Build configuration list for PBXProject "SwiftAcceleratorProject" */;
			compatibilityVersion = "Xcode 14.0";
			developmentRegion = en;
			hasScannedForEncodings = 0;
			knownRegions = (
				en,
				Base,
			);
			mainGroup = C8A0E8822B089C3100ECBD0B;
			productRefGroup = C8A0E88C2B089C3100ECBD0B /* Products */;
			projectDirPath = "";
			projectRoot = "";
			targets = (
				C8A0E88A2B089C3100ECBD0B /* SwiftAcceleratorProject */,
			);
		};
/* End PBXProject section */

/* Begin PBXResourcesBuildPhase section */
		C8A0E8892B089C3100ECBD0B /* Resources */ = {
			isa = PBXResourcesBuildPhase;
			buildActionMask = 2147483647;
			files = (
				C8A0E8962B089C3400ECBD0B /* Preview Assets.xcassets in Resources */,
				C8A0E8932B089C3400ECBD0B /* Assets.xcassets in Resources */,
			);
			runOnlyForDeploymentPostprocessing = 0;
		};
/* End PBXResourcesBuildPhase section */

/* Begin PBXSourcesBuildPhase section */
		C8A0E8872B089C3100ECBD0B /* Sources */ = {
			isa = PBXSourcesBuildPhase;
			buildActionMask = 2147483647;
			files = (
				C8A0E8AD2B089D9900ECBD0B /* CalendarView.swift in Sources */,
				C8AAA1FD2B0B2C1B00552984 /* Main.swift in Sources */,
				C8E1DACE2B0C82E1000EF84A /* CreateNewEventView.swift in Sources */,
				0058E09A2B0CB4480012E775 /* ImageDetailView.swift in Sources */,
				C8A0E8A72B089CDE00ECBD0B /* StatsView.swift in Sources */,
				003335DF2B0E11A000ADE188 /* DataManager.swift in Sources */,
				C83DC44C2B1208670002999F /* TimerView.swift in Sources */,
				C8A0E8A52B089CBC00ECBD0B /* ScannerView.swift in Sources */,
				C8310DAE2B0DBEEC00DF2E5F /* EventDetailView.swift in Sources */,
				C8D175E22B0C611800883D05 /* GlobalVars.swift in Sources */,
				C8A0E8912B089C3100ECBD0B /* ContentView.swift in Sources */,
				C8D175DE2B0C5CD400883D05 /* HomeView.swift in Sources */,
				005CBDF22B158CB000144E90 /* StreaksView.swift in Sources */,
				00F3D9B32B0B85DD00960F5B /* SubjectView.swift in Sources */,
				00F3D9B12B0B80DA00960F5B /* WorksheetDetailView.swift in Sources */,
				C8A0E8AB2B089D5400ECBD0B /* FilesView.swift in Sources */,
				C8FA7F2E2B138E68004490C5 /* AppDelegate.swift in Sources */,
				004623DE2B0F83CA00721AA1 /* TopicView.swift in Sources */,
			);
			runOnlyForDeploymentPostprocessing = 0;
		};
/* End PBXSourcesBuildPhase section */

/* Begin XCBuildConfiguration section */
		C8A0E8972B089C3400ECBD0B /* Debug */ = {
			isa = XCBuildConfiguration;
			buildSettings = {
				ALWAYS_SEARCH_USER_PATHS = NO;
				ASSETCATALOG_COMPILER_GENERATE_SWIFT_ASSET_SYMBOL_EXTENSIONS = YES;
				CLANG_ANALYZER_NONNULL = YES;
				CLANG_ANALYZER_NUMBER_OBJECT_CONVERSION = YES_AGGRESSIVE;
				CLANG_CXX_LANGUAGE_STANDARD = "gnu++20";
				CLANG_ENABLE_MODULES = YES;
				CLANG_ENABLE_OBJC_ARC = YES;
				CLANG_ENABLE_OBJC_WEAK = YES;
				CLANG_WARN_BLOCK_CAPTURE_AUTORELEASING = YES;
				CLANG_WARN_BOOL_CONVERSION = YES;
				CLANG_WARN_COMMA = YES;
				CLANG_WARN_CONSTANT_CONVERSION = YES;
				CLANG_WARN_DEPRECATED_OBJC_IMPLEMENTATIONS = YES;
				CLANG_WARN_DIRECT_OBJC_ISA_USAGE = YES_ERROR;
				CLANG_WARN_DOCUMENTATION_COMMENTS = YES;
				CLANG_WARN_EMPTY_BODY = YES;
				CLANG_WARN_ENUM_CONVERSION = YES;
				CLANG_WARN_INFINITE_RECURSION = YES;
				CLANG_WARN_INT_CONVERSION = YES;
				CLANG_WARN_NON_LITERAL_NULL_CONVERSION = YES;
				CLANG_WARN_OBJC_IMPLICIT_RETAIN_SELF = YES;
				CLANG_WARN_OBJC_LITERAL_CONVERSION = YES;
				CLANG_WARN_OBJC_ROOT_CLASS = YES_ERROR;
				CLANG_WARN_QUOTED_INCLUDE_IN_FRAMEWORK_HEADER = YES;
				CLANG_WARN_RANGE_LOOP_ANALYSIS = YES;
				CLANG_WARN_STRICT_PROTOTYPES = YES;
				CLANG_WARN_SUSPICIOUS_MOVE = YES;
				CLANG_WARN_UNGUARDED_AVAILABILITY = YES_AGGRESSIVE;
				CLANG_WARN_UNREACHABLE_CODE = YES;
				CLANG_WARN__DUPLICATE_METHOD_MATCH = YES;
				COPY_PHASE_STRIP = NO;
				DEBUG_INFORMATION_FORMAT = dwarf;
				ENABLE_STRICT_OBJC_MSGSEND = YES;
				ENABLE_TESTABILITY = YES;
				ENABLE_USER_SCRIPT_SANDBOXING = YES;
				GCC_C_LANGUAGE_STANDARD = gnu17;
				GCC_DYNAMIC_NO_PIC = NO;
				GCC_NO_COMMON_BLOCKS = YES;
				GCC_OPTIMIZATION_LEVEL = 0;
				GCC_PREPROCESSOR_DEFINITIONS = (
					"DEBUG=1",
					"$(inherited)",
				);
				GCC_WARN_64_TO_32_BIT_CONVERSION = YES;
				GCC_WARN_ABOUT_RETURN_TYPE = YES_ERROR;
				GCC_WARN_UNDECLARED_SELECTOR = YES;
				GCC_WARN_UNINITIALIZED_AUTOS = YES_AGGRESSIVE;
				GCC_WARN_UNUSED_FUNCTION = YES;
				GCC_WARN_UNUSED_VARIABLE = YES;
				IPHONEOS_DEPLOYMENT_TARGET = 17.0;
				LOCALIZATION_PREFERS_STRING_CATALOGS = YES;
				MTL_ENABLE_DEBUG_INFO = INCLUDE_SOURCE;
				MTL_FAST_MATH = YES;
				ONLY_ACTIVE_ARCH = YES;
				SDKROOT = iphoneos;
				SWIFT_ACTIVE_COMPILATION_CONDITIONS = "DEBUG $(inherited)";
				SWIFT_OPTIMIZATION_LEVEL = "-Onone";
			};
			name = Debug;
		};
		C8A0E8982B089C3400ECBD0B /* Release */ = {
			isa = XCBuildConfiguration;
			buildSettings = {
				ALWAYS_SEARCH_USER_PATHS = NO;
				ASSETCATALOG_COMPILER_GENERATE_SWIFT_ASSET_SYMBOL_EXTENSIONS = YES;
				CLANG_ANALYZER_NONNULL = YES;
				CLANG_ANALYZER_NUMBER_OBJECT_CONVERSION = YES_AGGRESSIVE;
				CLANG_CXX_LANGUAGE_STANDARD = "gnu++20";
				CLANG_ENABLE_MODULES = YES;
				CLANG_ENABLE_OBJC_ARC = YES;
				CLANG_ENABLE_OBJC_WEAK = YES;
				CLANG_WARN_BLOCK_CAPTURE_AUTORELEASING = YES;
				CLANG_WARN_BOOL_CONVERSION = YES;
				CLANG_WARN_COMMA = YES;
				CLANG_WARN_CONSTANT_CONVERSION = YES;
				CLANG_WARN_DEPRECATED_OBJC_IMPLEMENTATIONS = YES;
				CLANG_WARN_DIRECT_OBJC_ISA_USAGE = YES_ERROR;
				CLANG_WARN_DOCUMENTATION_COMMENTS = YES;
				CLANG_WARN_EMPTY_BODY = YES;
				CLANG_WARN_ENUM_CONVERSION = YES;
				CLANG_WARN_INFINITE_RECURSION = YES;
				CLANG_WARN_INT_CONVERSION = YES;
				CLANG_WARN_NON_LITERAL_NULL_CONVERSION = YES;
				CLANG_WARN_OBJC_IMPLICIT_RETAIN_SELF = YES;
				CLANG_WARN_OBJC_LITERAL_CONVERSION = YES;
				CLANG_WARN_OBJC_ROOT_CLASS = YES_ERROR;
				CLANG_WARN_QUOTED_INCLUDE_IN_FRAMEWORK_HEADER = YES;
				CLANG_WARN_RANGE_LOOP_ANALYSIS = YES;
				CLANG_WARN_STRICT_PROTOTYPES = YES;
				CLANG_WARN_SUSPICIOUS_MOVE = YES;
				CLANG_WARN_UNGUARDED_AVAILABILITY = YES_AGGRESSIVE;
				CLANG_WARN_UNREACHABLE_CODE = YES;
				CLANG_WARN__DUPLICATE_METHOD_MATCH = YES;
				COPY_PHASE_STRIP = NO;
				DEBUG_INFORMATION_FORMAT = "dwarf-with-dsym";
				ENABLE_NS_ASSERTIONS = NO;
				ENABLE_STRICT_OBJC_MSGSEND = YES;
				ENABLE_USER_SCRIPT_SANDBOXING = YES;
				GCC_C_LANGUAGE_STANDARD = gnu17;
				GCC_NO_COMMON_BLOCKS = YES;
				GCC_WARN_64_TO_32_BIT_CONVERSION = YES;
				GCC_WARN_ABOUT_RETURN_TYPE = YES_ERROR;
				GCC_WARN_UNDECLARED_SELECTOR = YES;
				GCC_WARN_UNINITIALIZED_AUTOS = YES_AGGRESSIVE;
				GCC_WARN_UNUSED_FUNCTION = YES;
				GCC_WARN_UNUSED_VARIABLE = YES;
				IPHONEOS_DEPLOYMENT_TARGET = 17.0;
				LOCALIZATION_PREFERS_STRING_CATALOGS = YES;
				MTL_ENABLE_DEBUG_INFO = NO;
				MTL_FAST_MATH = YES;
				SDKROOT = iphoneos;
				SWIFT_COMPILATION_MODE = wholemodule;
				VALIDATE_PRODUCT = YES;
			};
			name = Release;
		};
		C8A0E89A2B089C3400ECBD0B /* Debug */ = {
			isa = XCBuildConfiguration;
			buildSettings = {
				ASSETCATALOG_COMPILER_APPICON_NAME = AppIcon;
				ASSETCATALOG_COMPILER_GLOBAL_ACCENT_COLOR_NAME = AccentColor;
				ASSETCATALOG_COMPILER_INCLUDE_ALL_APPICON_ASSETS = NO;
				CODE_SIGN_IDENTITY = "Apple Development";
				CODE_SIGN_STYLE = Automatic;
				CURRENT_PROJECT_VERSION = 1;
				DEVELOPMENT_ASSET_PATHS = "\"SwiftAcceleratorProject/Preview Content\"";
				DEVELOPMENT_TEAM = 37822KKR43;
				ENABLE_PREVIEWS = YES;
				GENERATE_INFOPLIST_FILE = YES;
				INFOPLIST_FILE = SwiftAcceleratorProject/Info.plist;
				INFOPLIST_KEY_CFBundleDisplayName = "Smart Sheet";
				INFOPLIST_KEY_LSApplicationCategoryType = "public.app-category.education";
				INFOPLIST_KEY_NSCameraUsageDescription = "Camera is used for scanning worksheets";
				INFOPLIST_KEY_UIApplicationSceneManifest_Generation = YES;
				INFOPLIST_KEY_UIApplicationSupportsIndirectInputEvents = YES;
				INFOPLIST_KEY_UILaunchScreen_Generation = YES;
				INFOPLIST_KEY_UIStatusBarHidden = YES;
				INFOPLIST_KEY_UISupportedInterfaceOrientations = UIInterfaceOrientationPortrait;
				IPHONEOS_DEPLOYMENT_TARGET = 17.0;
				LD_RUNPATH_SEARCH_PATHS = (
					"$(inherited)",
					"@executable_path/Frameworks",
				);
				MARKETING_VERSION = 1.0;
				PRODUCT_BUNDLE_IDENTIFIER = jeffzy15.app;
				PRODUCT_NAME = "$(TARGET_NAME)";
				PROVISIONING_PROFILE_SPECIFIER = "";
				SUPPORTED_PLATFORMS = "iphoneos iphonesimulator";
				SUPPORTS_MACCATALYST = NO;
				SUPPORTS_MAC_DESIGNED_FOR_IPHONE_IPAD = NO;
				SWIFT_EMIT_LOC_STRINGS = YES;
				SWIFT_VERSION = 5.0;
				TARGETED_DEVICE_FAMILY = 1;
			};
			name = Debug;
		};
		C8A0E89B2B089C3400ECBD0B /* Release */ = {
			isa = XCBuildConfiguration;
			buildSettings = {
				ASSETCATALOG_COMPILER_APPICON_NAME = AppIcon;
				ASSETCATALOG_COMPILER_GLOBAL_ACCENT_COLOR_NAME = AccentColor;
				ASSETCATALOG_COMPILER_INCLUDE_ALL_APPICON_ASSETS = NO;
				CODE_SIGN_IDENTITY = "Apple Development";
				CODE_SIGN_STYLE = Automatic;
				CURRENT_PROJECT_VERSION = 1;
				DEVELOPMENT_ASSET_PATHS = "\"SwiftAcceleratorProject/Preview Content\"";
				DEVELOPMENT_TEAM = 37822KKR43;
				ENABLE_PREVIEWS = YES;
				GENERATE_INFOPLIST_FILE = YES;
				INFOPLIST_FILE = SwiftAcceleratorProject/Info.plist;
				INFOPLIST_KEY_CFBundleDisplayName = "Smart Sheet";
				INFOPLIST_KEY_LSApplicationCategoryType = "public.app-category.education";
				INFOPLIST_KEY_NSCameraUsageDescription = "Camera is used for scanning worksheets";
				INFOPLIST_KEY_UIApplicationSceneManifest_Generation = YES;
				INFOPLIST_KEY_UIApplicationSupportsIndirectInputEvents = YES;
				INFOPLIST_KEY_UILaunchScreen_Generation = YES;
				INFOPLIST_KEY_UIStatusBarHidden = YES;
				INFOPLIST_KEY_UISupportedInterfaceOrientations = UIInterfaceOrientationPortrait;
				IPHONEOS_DEPLOYMENT_TARGET = 17.0;
				LD_RUNPATH_SEARCH_PATHS = (
					"$(inherited)",
					"@executable_path/Frameworks",
				);
				MARKETING_VERSION = 1.0;
				PRODUCT_BUNDLE_IDENTIFIER = jeffzy15.app;
				PRODUCT_NAME = "$(TARGET_NAME)";
				PROVISIONING_PROFILE_SPECIFIER = "";
				SUPPORTED_PLATFORMS = "iphoneos iphonesimulator";
				SUPPORTS_MACCATALYST = NO;
				SUPPORTS_MAC_DESIGNED_FOR_IPHONE_IPAD = NO;
				SWIFT_EMIT_LOC_STRINGS = YES;
				SWIFT_VERSION = 5.0;
				TARGETED_DEVICE_FAMILY = 1;
			};
			name = Release;
		};
/* End XCBuildConfiguration section */

/* Begin XCConfigurationList section */
		C8A0E8862B089C3100ECBD0B /* Build configuration list for PBXProject "SwiftAcceleratorProject" */ = {
			isa = XCConfigurationList;
			buildConfigurations = (
				C8A0E8972B089C3400ECBD0B /* Debug */,
				C8A0E8982B089C3400ECBD0B /* Release */,
			);
			defaultConfigurationIsVisible = 0;
			defaultConfigurationName = Release;
		};
		C8A0E8992B089C3400ECBD0B /* Build configuration list for PBXNativeTarget "SwiftAcceleratorProject" */ = {
			isa = XCConfigurationList;
			buildConfigurations = (
				C8A0E89A2B089C3400ECBD0B /* Debug */,
				C8A0E89B2B089C3400ECBD0B /* Release */,
			);
			defaultConfigurationIsVisible = 0;
			defaultConfigurationName = Release;
		};
/* End XCConfigurationList section */
	};
	rootObject = C8A0E8832B089C3100ECBD0B /* Project object */;
}
